
Microsoft Visual Studio Solution File, Format Version 11.00
# Visual Studio 2010
Project("{FAE04EC0-301F-11D3-BF4B-00C04F79EFBC}") = "GathererRipper", "GathererRipper\GathererRipper.csproj", "{5157AF1C-F949-46C4-9FF2-266A89ADC94D}"
EndProject
Project("{FAE04EC0-301F-11D3-BF4B-00C04F79EFBC}") = "MagicRipper", "MagicRipper\MagicRipper.csproj", "{A2C0EDB3-7CA8-4B98-849F-8C3AC966E376}"
EndProject
Project("{54435603-DBB4-11D2-8724-00A0C9A8B90C}") = "Setup64", "Setup64\Setup64.vdproj", "{F69F74EC-6623-49FF-B3C1-3CB1DA989CB2}"
EndProject
Project("{54435603-DBB4-11D2-8724-00A0C9A8B90C}") = "Setup32", "Setup32\Setup32.vdproj", "{AEEF6ACA-A0EB-4967-A3A1-4AEB7B72BF0A}"
EndProject
Project("{7CF6DF6D-3B04-46F8-A40B-537D21BCA0B4}") = "MagicRipperDocumentation", "MagicRipperDocumentation\MagicRipperDocumentation.shfbproj", "{EEC11B7A-5A28-4C30-9E8F-7BDBEF37254D}"
EndProject
Global
	GlobalSection(SolutionConfigurationPlatforms) = preSolution
		Debug|Any CPU = Debug|Any CPU
		Debug|x64 = Debug|x64
		Debug|x86 = Debug|x86
		Release|Any CPU = Release|Any CPU
		Release|x64 = Release|x64
		Release|x86 = Release|x86
	EndGlobalSection
	GlobalSection(ProjectConfigurationPlatforms) = postSolution
		{5157AF1C-F949-46C4-9FF2-266A89ADC94D}.Debug|Any CPU.ActiveCfg = Debug|Any CPU
		{5157AF1C-F949-46C4-9FF2-266A89ADC94D}.Debug|Any CPU.Build.0 = Debug|Any CPU
		{5157AF1C-F949-46C4-9FF2-266A89ADC94D}.Debug|x64.ActiveCfg = Debug|x64
		{5157AF1C-F949-46C4-9FF2-266A89ADC94D}.Debug|x64.Build.0 = Debug|x64
		{5157AF1C-F949-46C4-9FF2-266A89ADC94D}.Debug|x86.ActiveCfg = Debug|x86
		{5157AF1C-F949-46C4-9FF2-266A89ADC94D}.Debug|x86.Build.0 = Debug|x86
		{5157AF1C-F949-46C4-9FF2-266A89ADC94D}.Release|Any CPU.ActiveCfg = Release|Any CPU
		{5157AF1C-F949-46C4-9FF2-266A89ADC94D}.Release|Any CPU.Build.0 = Release|Any CPU
		{5157AF1C-F949-46C4-9FF2-266A89ADC94D}.Release|x64.ActiveCfg = Release|x64
		{5157AF1C-F949-46C4-9FF2-266A89ADC94D}.Release|x64.Build.0 = Release|x64
		{5157AF1C-F949-46C4-9FF2-266A89ADC94D}.Release|x86.ActiveCfg = Release|x86
		{5157AF1C-F949-46C4-9FF2-266A89ADC94D}.Release|x86.Build.0 = Release|x86
		{A2C0EDB3-7CA8-4B98-849F-8C3AC966E376}.Debug|Any CPU.ActiveCfg = Debug|Any CPU
		{A2C0EDB3-7CA8-4B98-849F-8C3AC966E376}.Debug|Any CPU.Build.0 = Debug|Any CPU
		{A2C0EDB3-7CA8-4B98-849F-8C3AC966E376}.Debug|x64.ActiveCfg = Debug|Any CPU
		{A2C0EDB3-7CA8-4B98-849F-8C3AC966E376}.Debug|x64.Build.0 = Debug|Any CPU
		{A2C0EDB3-7CA8-4B98-849F-8C3AC966E376}.Debug|x86.ActiveCfg = Debug|Any CPU
		{A2C0EDB3-7CA8-4B98-849F-8C3AC966E376}.Debug|x86.Build.0 = Debug|Any CPU
		{A2C0EDB3-7CA8-4B98-849F-8C3AC966E376}.Release|Any CPU.ActiveCfg = Release|Any CPU
		{A2C0EDB3-7CA8-4B98-849F-8C3AC966E376}.Release|Any CPU.Build.0 = Release|Any CPU
		{A2C0EDB3-7CA8-4B98-849F-8C3AC966E376}.Release|x64.ActiveCfg = Release|Any CPU
		{A2C0EDB3-7CA8-4B98-849F-8C3AC966E376}.Release|x64.Build.0 = Release|Any CPU
		{A2C0EDB3-7CA8-4B98-849F-8C3AC966E376}.Release|x86.ActiveCfg = Release|Any CPU
		{A2C0EDB3-7CA8-4B98-849F-8C3AC966E376}.Release|x86.Build.0 = Release|Any CPU
		{F69F74EC-6623-49FF-B3C1-3CB1DA989CB2}.Debug|Any CPU.ActiveCfg = Debug
		{F69F74EC-6623-49FF-B3C1-3CB1DA989CB2}.Debug|Any CPU.Build.0 = Debug
		{F69F74EC-6623-49FF-B3C1-3CB1DA989CB2}.Debug|x64.ActiveCfg = Debug
		{F69F74EC-6623-49FF-B3C1-3CB1DA989CB2}.Debug|x86.ActiveCfg = Debug
		{F69F74EC-6623-49FF-B3C1-3CB1DA989CB2}.Release|Any CPU.ActiveCfg = Release
		{F69F74EC-6623-49FF-B3C1-3CB1DA989CB2}.Release|Any CPU.Build.0 = Release
		{F69F74EC-6623-49FF-B3C1-3CB1DA989CB2}.Release|x64.ActiveCfg = Release
		{F69F74EC-6623-49FF-B3C1-3CB1DA989CB2}.Release|x86.ActiveCfg = Release
		{AEEF6ACA-A0EB-4967-A3A1-4AEB7B72BF0A}.Debug|Any CPU.ActiveCfg = Debug
		{AEEF6ACA-A0EB-4967-A3A1-4AEB7B72BF0A}.Debug|Any CPU.Build.0 = Debug
		{AEEF6ACA-A0EB-4967-A3A1-4AEB7B72BF0A}.Debug|x64.ActiveCfg = Debug
		{AEEF6ACA-A0EB-4967-A3A1-4AEB7B72BF0A}.Debug|x86.ActiveCfg = Debug
		{AEEF6ACA-A0EB-4967-A3A1-4AEB7B72BF0A}.Release|Any CPU.ActiveCfg = Release
		{AEEF6ACA-A0EB-4967-A3A1-4AEB7B72BF0A}.Release|Any CPU.Build.0 = Release
		{AEEF6ACA-A0EB-4967-A3A1-4AEB7B72BF0A}.Release|x64.ActiveCfg = Release
		{AEEF6ACA-A0EB-4967-A3A1-4AEB7B72BF0A}.Release|x86.ActiveCfg = Release
		{EEC11B7A-5A28-4C30-9E8F-7BDBEF37254D}.Debug|Any CPU.ActiveCfg = Debug|Any CPU
		{EEC11B7A-5A28-4C30-9E8F-7BDBEF37254D}.Debug|Any CPU.Build.0 = Debug|Any CPU
		{EEC11B7A-5A28-4C30-9E8F-7BDBEF37254D}.Debug|x64.ActiveCfg = Debug|Any CPU
		{EEC11B7A-5A28-4C30-9E8F-7BDBEF37254D}.Debug|x86.ActiveCfg = Debug|Any CPU
		{EEC11B7A-5A28-4C30-9E8F-7BDBEF37254D}.Release|Any CPU.ActiveCfg = Release|Any CPU
		{EEC11B7A-5A28-4C30-9E8F-7BDBEF37254D}.Release|Any CPU.Build.0 = Release|Any CPU
		{EEC11B7A-5A28-4C30-9E8F-7BDBEF37254D}.Release|x64.ActiveCfg = Release|Any CPU
		{EEC11B7A-5A28-4C30-9E8F-7BDBEF37254D}.Release|x64.Build.0 = Release|Any CPU
		{EEC11B7A-5A28-4C30-9E8F-7BDBEF37254D}.Release|x86.ActiveCfg = Release|Any CPU
		{EEC11B7A-5A28-4C30-9E8F-7BDBEF37254D}.Release|x86.Build.0 = Release|Any CPU
	EndGlobalSection
	GlobalSection(SolutionProperties) = preSolution
		HideSolutionNode = FALSE
	EndGlobalSection
EndGlobal
